
Microsoft Visual Studio Solution File, Format Version 12.00
# Visual Studio 15
VisualStudioVersion = 15.0.26929.2
MinimumVisualStudioVersion = 10.0.40219.1
Project("{FAE04EC0-301F-11D3-BF4B-00C04F79EFBC}") = "Exploration.Cmdlets", "Exploration.Cmdlets\Exploration.Cmdlets.csproj", "{21289238-3FCD-4841-AFC1-20E787C4BA13}"
EndProject
Project("{F2A71F9B-5D33-465A-A702-920D77279786}") = "Exploration.Catas", "Exploration.Catas\Exploration.Catas.fsproj", "{56CC2BD9-5C5F-427A-9D02-A66F8CC9EE17}"
EndProject
Project("{888888A0-9F3D-457C-B088-3A5042F75D52}") = "Exploration.PyScripts", "Exploration.PyScripts\Exploration.PyScripts.pyproj", "{7DCB9322-DD4C-4C6C-835A-97DA147FA14E}"
EndProject
Project("{FAE04EC0-301F-11D3-BF4B-00C04F79EFBC}") = "Exploration.Framework", "Exploration.Framework\Exploration.Framework.csproj", "{8929A132-AE8A-4DB1-87F7-354CC9485D97}"
EndProject
Project("{DA7A21FA-8162-4350-AD77-A8D1B671F3ED}") = "Exploration.RScripts", "Exploration.RScripts\Exploration.RScripts.rxproj", "{5D8484DC-B5F1-4D1B-953B-0D7A5A849DF0}"
EndProject
Project("{FAE04EC0-301F-11D3-BF4B-00C04F79EFBC}") = "Exploration.Cmdlets.Tests", "Exploration.Cmdlets.Tests\Exploration.Cmdlets.Tests.csproj", "{14344E09-1C6B-4930-84CF-8187CE12B0FA}"
EndProject
Project("{F2A71F9B-5D33-465A-A702-920D77279786}") = "Exploration.Scraping", "Exploration.Scraping\Exploration.Scraping.fsproj", "{76AA30DB-3E9F-4170-8EDE-ED124CB1A094}"
EndProject
Project("{F2A71F9B-5D33-465A-A702-920D77279786}") = "Exploration.ComputationExpressions", "Exploration.ComputationExpressions\Exploration.ComputationExpressions.fsproj", "{9A19401B-12E8-4248-BCF4-AFE1E8927AF8}"
EndProject
Project("{F2A71F9B-5D33-465A-A702-920D77279786}") = "Exploration.Suave", "Exploration.Suave\Exploration.Suave.fsproj", "{0C76F182-6C82-42C2-B9A3-EF5E48CF9429}"
EndProject
Project("{F2A71F9B-5D33-465A-A702-920D77279786}") = "Exploration.WebHost", "Exploration.WebHost\Exploration.WebHost.fsproj", "{BBD49F40-812C-4DEB-8BFC-47566E8F9CF7}"
EndProject
Project("{F2A71F9B-5D33-465A-A702-920D77279786}") = "Exploration.Concurrency", "Exploration.Concurrency\Exploration.Concurrency.fsproj", "{3BB983B6-8F14-4652-8261-71B3631B6273}"
EndProject
Project("{FAE04EC0-301F-11D3-BF4B-00C04F79EFBC}") = "Exploration.AkkaMovieStreaming", "Exploration.AkkaMovieStreaming\Exploration.AkkaMovieStreaming.csproj", "{D6CFA2B4-B7D3-4E39-86E4-EC88C43BFD3E}"
EndProject
Project("{FAE04EC0-301F-11D3-BF4B-00C04F79EFBC}") = "Exploration.IoT.GrainInterfaces", "Exploration.IoT.GrainInterfaces\Exploration.IoT.GrainInterfaces.csproj", "{D363FA2E-92A6-43F8-A330-90D4DEC60FE6}"
EndProject
Project("{FAE04EC0-301F-11D3-BF4B-00C04F79EFBC}") = "Exploration.IoT.GrainClasses", "Exploration.IoT.GrainClasses\Exploration.IoT.GrainClasses.csproj", "{78BB5DF5-4EF4-4DB3-80CB-2B903C016528}"
EndProject
Project("{FAE04EC0-301F-11D3-BF4B-00C04F79EFBC}") = "Exploration.IoT.TestSilo", "Exploration.IoT.TestSilo\Exploration.IoT.TestSilo.csproj", "{383F63C1-5C61-4C56-8FC5-C0C8A90B2D6D}"
EndProject
Project("{FAE04EC0-301F-11D3-BF4B-00C04F79EFBC}") = "Exploration.IoT.FileStorage", "Exploration.IoT.FileStorage\Exploration.IoT.FileStorage.csproj", "{ACD7B16F-B05C-474E-A4E3-CB571B0C8D09}"
EndProject
Project("{FAE04EC0-301F-11D3-BF4B-00C04F79EFBC}") = "Exploration.Curiosities", "Exploration.Curiosities\Exploration.Curiosities.csproj", "{D9F2080F-EB85-4612-8319-2383AA7744CD}"
EndProject
Global
	GlobalSection(SolutionConfigurationPlatforms) = preSolution
		Debug|Any CPU = Debug|Any CPU
		Release|Any CPU = Release|Any CPU
	EndGlobalSection
	GlobalSection(ProjectConfigurationPlatforms) = postSolution
		{21289238-3FCD-4841-AFC1-20E787C4BA13}.Debug|Any CPU.ActiveCfg = Debug|Any CPU
		{21289238-3FCD-4841-AFC1-20E787C4BA13}.Debug|Any CPU.Build.0 = Debug|Any CPU
		{21289238-3FCD-4841-AFC1-20E787C4BA13}.Release|Any CPU.ActiveCfg = Release|Any CPU
		{21289238-3FCD-4841-AFC1-20E787C4BA13}.Release|Any CPU.Build.0 = Release|Any CPU
		{56CC2BD9-5C5F-427A-9D02-A66F8CC9EE17}.Debug|Any CPU.ActiveCfg = Debug|Any CPU
		{56CC2BD9-5C5F-427A-9D02-A66F8CC9EE17}.Debug|Any CPU.Build.0 = Debug|Any CPU
		{56CC2BD9-5C5F-427A-9D02-A66F8CC9EE17}.Release|Any CPU.ActiveCfg = Release|Any CPU
		{56CC2BD9-5C5F-427A-9D02-A66F8CC9EE17}.Release|Any CPU.Build.0 = Release|Any CPU
		{7DCB9322-DD4C-4C6C-835A-97DA147FA14E}.Debug|Any CPU.ActiveCfg = Debug|Any CPU
		{7DCB9322-DD4C-4C6C-835A-97DA147FA14E}.Release|Any CPU.ActiveCfg = Release|Any CPU
		{8929A132-AE8A-4DB1-87F7-354CC9485D97}.Debug|Any CPU.ActiveCfg = Debug|Any CPU
		{8929A132-AE8A-4DB1-87F7-354CC9485D97}.Debug|Any CPU.Build.0 = Debug|Any CPU
		{8929A132-AE8A-4DB1-87F7-354CC9485D97}.Release|Any CPU.ActiveCfg = Release|Any CPU
		{8929A132-AE8A-4DB1-87F7-354CC9485D97}.Release|Any CPU.Build.0 = Release|Any CPU
		{5D8484DC-B5F1-4D1B-953B-0D7A5A849DF0}.Debug|Any CPU.ActiveCfg = Debug|Any CPU
		{5D8484DC-B5F1-4D1B-953B-0D7A5A849DF0}.Debug|Any CPU.Build.0 = Debug|Any CPU
		{5D8484DC-B5F1-4D1B-953B-0D7A5A849DF0}.Release|Any CPU.ActiveCfg = Debug|Any CPU
		{5D8484DC-B5F1-4D1B-953B-0D7A5A849DF0}.Release|Any CPU.Build.0 = Debug|Any CPU
		{14344E09-1C6B-4930-84CF-8187CE12B0FA}.Debug|Any CPU.ActiveCfg = Debug|Any CPU
		{14344E09-1C6B-4930-84CF-8187CE12B0FA}.Debug|Any CPU.Build.0 = Debug|Any CPU
		{14344E09-1C6B-4930-84CF-8187CE12B0FA}.Release|Any CPU.ActiveCfg = Release|Any CPU
		{14344E09-1C6B-4930-84CF-8187CE12B0FA}.Release|Any CPU.Build.0 = Release|Any CPU
		{76AA30DB-3E9F-4170-8EDE-ED124CB1A094}.Debug|Any CPU.ActiveCfg = Debug|Any CPU
		{76AA30DB-3E9F-4170-8EDE-ED124CB1A094}.Debug|Any CPU.Build.0 = Debug|Any CPU
		{76AA30DB-3E9F-4170-8EDE-ED124CB1A094}.Release|Any CPU.ActiveCfg = Release|Any CPU
		{76AA30DB-3E9F-4170-8EDE-ED124CB1A094}.Release|Any CPU.Build.0 = Release|Any CPU
		{9A19401B-12E8-4248-BCF4-AFE1E8927AF8}.Debug|Any CPU.ActiveCfg = Debug|Any CPU
		{9A19401B-12E8-4248-BCF4-AFE1E8927AF8}.Debug|Any CPU.Build.0 = Debug|Any CPU
		{9A19401B-12E8-4248-BCF4-AFE1E8927AF8}.Release|Any CPU.ActiveCfg = Release|Any CPU
		{9A19401B-12E8-4248-BCF4-AFE1E8927AF8}.Release|Any CPU.Build.0 = Release|Any CPU
		{0C76F182-6C82-42C2-B9A3-EF5E48CF9429}.Debug|Any CPU.ActiveCfg = Debug|Any CPU
		{0C76F182-6C82-42C2-B9A3-EF5E48CF9429}.Debug|Any CPU.Build.0 = Debug|Any CPU
		{0C76F182-6C82-42C2-B9A3-EF5E48CF9429}.Release|Any CPU.ActiveCfg = Release|Any CPU
		{0C76F182-6C82-42C2-B9A3-EF5E48CF9429}.Release|Any CPU.Build.0 = Release|Any CPU
		{BBD49F40-812C-4DEB-8BFC-47566E8F9CF7}.Debug|Any CPU.ActiveCfg = Debug|Any CPU
		{BBD49F40-812C-4DEB-8BFC-47566E8F9CF7}.Debug|Any CPU.Build.0 = Debug|Any CPU
		{BBD49F40-812C-4DEB-8BFC-47566E8F9CF7}.Release|Any CPU.ActiveCfg = Release|Any CPU
		{BBD49F40-812C-4DEB-8BFC-47566E8F9CF7}.Release|Any CPU.Build.0 = Release|Any CPU
		{3BB983B6-8F14-4652-8261-71B3631B6273}.Debug|Any CPU.ActiveCfg = Debug|Any CPU
		{3BB983B6-8F14-4652-8261-71B3631B6273}.Debug|Any CPU.Build.0 = Debug|Any CPU
		{3BB983B6-8F14-4652-8261-71B3631B6273}.Release|Any CPU.ActiveCfg = Release|Any CPU
		{3BB983B6-8F14-4652-8261-71B3631B6273}.Release|Any CPU.Build.0 = Release|Any CPU
		{D6CFA2B4-B7D3-4E39-86E4-EC88C43BFD3E}.Debug|Any CPU.ActiveCfg = Debug|Any CPU
		{D6CFA2B4-B7D3-4E39-86E4-EC88C43BFD3E}.Debug|Any CPU.Build.0 = Debug|Any CPU
		{D6CFA2B4-B7D3-4E39-86E4-EC88C43BFD3E}.Release|Any CPU.ActiveCfg = Release|Any CPU
		{D6CFA2B4-B7D3-4E39-86E4-EC88C43BFD3E}.Release|Any CPU.Build.0 = Release|Any CPU
		{D363FA2E-92A6-43F8-A330-90D4DEC60FE6}.Debug|Any CPU.ActiveCfg = Debug|Any CPU
		{D363FA2E-92A6-43F8-A330-90D4DEC60FE6}.Debug|Any CPU.Build.0 = Debug|Any CPU
		{D363FA2E-92A6-43F8-A330-90D4DEC60FE6}.Release|Any CPU.ActiveCfg = Release|Any CPU
		{D363FA2E-92A6-43F8-A330-90D4DEC60FE6}.Release|Any CPU.Build.0 = Release|Any CPU
		{78BB5DF5-4EF4-4DB3-80CB-2B903C016528}.Debug|Any CPU.ActiveCfg = Debug|Any CPU
		{78BB5DF5-4EF4-4DB3-80CB-2B903C016528}.Debug|Any CPU.Build.0 = Debug|Any CPU
		{78BB5DF5-4EF4-4DB3-80CB-2B903C016528}.Release|Any CPU.ActiveCfg = Release|Any CPU
		{78BB5DF5-4EF4-4DB3-80CB-2B903C016528}.Release|Any CPU.Build.0 = Release|Any CPU
		{383F63C1-5C61-4C56-8FC5-C0C8A90B2D6D}.Debug|Any CPU.ActiveCfg = Debug|Any CPU
		{383F63C1-5C61-4C56-8FC5-C0C8A90B2D6D}.Debug|Any CPU.Build.0 = Debug|Any CPU
		{383F63C1-5C61-4C56-8FC5-C0C8A90B2D6D}.Release|Any CPU.ActiveCfg = Release|Any CPU
		{383F63C1-5C61-4C56-8FC5-C0C8A90B2D6D}.Release|Any CPU.Build.0 = Release|Any CPU
		{ACD7B16F-B05C-474E-A4E3-CB571B0C8D09}.Debug|Any CPU.ActiveCfg = Debug|Any CPU
		{ACD7B16F-B05C-474E-A4E3-CB571B0C8D09}.Debug|Any CPU.Build.0 = Debug|Any CPU
		{ACD7B16F-B05C-474E-A4E3-CB571B0C8D09}.Release|Any CPU.ActiveCfg = Release|Any CPU
		{ACD7B16F-B05C-474E-A4E3-CB571B0C8D09}.Release|Any CPU.Build.0 = Release|Any CPU
		{D9F2080F-EB85-4612-8319-2383AA7744CD}.Debug|Any CPU.ActiveCfg = Debug|Any CPU
		{D9F2080F-EB85-4612-8319-2383AA7744CD}.Debug|Any CPU.Build.0 = Debug|Any CPU
		{D9F2080F-EB85-4612-8319-2383AA7744CD}.Release|Any CPU.ActiveCfg = Release|Any CPU
		{D9F2080F-EB85-4612-8319-2383AA7744CD}.Release|Any CPU.Build.0 = Release|Any CPU
	EndGlobalSection
	GlobalSection(SolutionProperties) = preSolution
		HideSolutionNode = FALSE
	EndGlobalSection
	GlobalSection(ExtensibilityGlobals) = postSolution
		SolutionGuid = {94E42DF6-6502-4105-913E-1A063B1D2786}
	EndGlobalSection
EndGlobal
